
Microsoft Visual Studio Solution File, Format Version 12.00
# Visual Studio Version 17
VisualStudioVersion = 17.5.002.0
MinimumVisualStudioVersion = 10.0.40219.1
Project("{9A19103F-16F7-4668-BE54-9A1E7A4F7556}") = "simple-arithmetic-Andrew-Haaksma-students", "simple-arithmetic-Andrew-Haaksma-students.csproj", "{B847ADC3-200D-42B8-9ADD-CC1F0C9D71DF}"
EndProject
Global
	GlobalSection(SolutionConfigurationPlatforms) = preSolution
		Debug|Any CPU = Debug|Any CPU
		Release|Any CPU = Release|Any CPU
	EndGlobalSection
	GlobalSection(ProjectConfigurationPlatforms) = postSolution
		{B847ADC3-200D-42B8-9ADD-CC1F0C9D71DF}.Debug|Any CPU.ActiveCfg = Debug|Any CPU
		{B847ADC3-200D-42B8-9ADD-CC1F0C9D71DF}.Debug|Any CPU.Build.0 = Debug|Any CPU
		{B847ADC3-200D-42B8-9ADD-CC1F0C9D71DF}.Release|Any CPU.ActiveCfg = Release|Any CPU
		{B847ADC3-200D-42B8-9ADD-CC1F0C9D71DF}.Release|Any CPU.Build.0 = Release|Any CPU
	EndGlobalSection
	GlobalSection(SolutionProperties) = preSolution
		HideSolutionNode = FALSE
	EndGlobalSection
	GlobalSection(ExtensibilityGlobals) = postSolution
		SolutionGuid = {6B5EA89E-E525-49E7-87C2-D8D57BE0DD8C}
	EndGlobalSection
EndGlobal
